
Microsoft Visual Studio Solution File, Format Version 12.00
# Visual Studio Version 17
VisualStudioVersion = 17.4.33205.214
MinimumVisualStudioVersion = 10.0.40219.1
Project("{FAE04EC0-301F-11D3-BF4B-00C04F79EFBC}") = "GroverAlgorithm", "GroverAlgorithm\GroverAlgorithm.csproj", "{83C9B82A-AFA0-4A0D-B545-0F2696896680}"
EndProject
Global
	GlobalSection(SolutionConfigurationPlatforms) = preSolution
		Debug|Any CPU = Debug|Any CPU
		Release|Any CPU = Release|Any CPU
	EndGlobalSection
	GlobalSection(ProjectConfigurationPlatforms) = postSolution
		{83C9B82A-AFA0-4A0D-B545-0F2696896680}.Debug|Any CPU.ActiveCfg = Debug|Any CPU
		{83C9B82A-AFA0-4A0D-B545-0F2696896680}.Debug|Any CPU.Build.0 = Debug|Any CPU
		{83C9B82A-AFA0-4A0D-B545-0F2696896680}.Release|Any CPU.ActiveCfg = Release|Any CPU
		{83C9B82A-AFA0-4A0D-B545-0F2696896680}.Release|Any CPU.Build.0 = Release|Any CPU
	EndGlobalSection
	GlobalSection(SolutionProperties) = preSolution
		HideSolutionNode = FALSE
	EndGlobalSection
	GlobalSection(ExtensibilityGlobals) = postSolution
		SolutionGuid = {A37D0577-B0F7-4DC8-A058-759EDB1037FE}
	EndGlobalSection
EndGlobal
